
Microsoft Visual Studio Solution File, Format Version 12.00
# Visual Studio Version 17
VisualStudioVersion = 17.8.34525.116
MinimumVisualStudioVersion = 10.0.40219.1
Project("{FAE04EC0-301F-11D3-BF4B-00C04F79EFBC}") = "Mothly-Models", "Mothly-Models.csproj", "{1673708C-BF78-44EF-9A34-9115A95C138B}"
EndProject
Global
	GlobalSection(SolutionConfigurationPlatforms) = preSolution
		Debug|Any CPU = Debug|Any CPU
		Release|Any CPU = Release|Any CPU
	EndGlobalSection
	GlobalSection(ProjectConfigurationPlatforms) = postSolution
		{1673708C-BF78-44EF-9A34-9115A95C138B}.Debug|Any CPU.ActiveCfg = Debug|Any CPU
		{1673708C-BF78-44EF-9A34-9115A95C138B}.Debug|Any CPU.Build.0 = Debug|Any CPU
		{1673708C-BF78-44EF-9A34-9115A95C138B}.Release|Any CPU.ActiveCfg = Release|Any CPU
		{1673708C-BF78-44EF-9A34-9115A95C138B}.Release|Any CPU.Build.0 = Release|Any CPU
	EndGlobalSection
	GlobalSection(SolutionProperties) = preSolution
		HideSolutionNode = FALSE
	EndGlobalSection
	GlobalSection(ExtensibilityGlobals) = postSolution
		SolutionGuid = {CC6A91F4-BC5E-43C8-9F58-C67E31A3A0E1}
	EndGlobalSection
EndGlobal
